lockfileVersion: '9.0'

settings:
  autoInstallPeers: true
  excludeLinksFromLockfile: false

importers:

  .:
    devDependencies:
      aws-cdk:
        specifier: ^2.1134.0
        version: 2.1134.0

packages:

  aws-cdk@2.1134.0:
    resolution: {integrity: sha512-Fy/g+gdpMpkhAAoCNlZtX0s4mD7q58bHlDV6QfbnTeifmQ5cEge26c5rB+U4qKB/bDudxNuJjQk/mSSk0ysnug==}
    engines: {node: '>= 18.0.0'}
    hasBin: true

snapshots:

  aws-cdk@2.1134.0: {}
